{
  "name": "study-firebase-auth",
  "lockfileVersion": 3,
  "requires": true,
  "packages": {
    "": {
      "dependencies": {
        "haml": "^0.4.3"
      }
    },
    "node_modules/haml": {
      "version": "0.4.3",
      "resolved": "https://registry.npmjs.org/haml/-/haml-0.4.3.tgz",
      "integrity": "sha512-Ob1OvsQ+LV7DHINOmf9nyE7s5XktOos9X8/hRgb9iwsWIMITui5NP7ravwHV8anenfzZ4ZRpYHPFqGVXAjvc9g==",
      "bin": {
        "haml-js": "lib/cli.js"
      }
    }
  }
}
